
Microsoft Visual Studio Solution File, Format Version 12.00
# Visual Studio Version 17
VisualStudioVersion = 17.2.32630.192
MinimumVisualStudioVersion = 10.0.40219.1
Project("{9A19103F-16F7-4668-BE54-9A1E7A4F7556}") = "ProjectFigma", "ProjectFigma\ProjectFigma.csproj", "{644C4523-54A5-403E-B3A1-05C9D54E9849}"
EndProject
Global
	GlobalSection(SolutionConfigurationPlatforms) = preSolution
		Debug|Any CPU = Debug|Any CPU
		Release|Any CPU = Release|Any CPU
	EndGlobalSection
	GlobalSection(ProjectConfigurationPlatforms) = postSolution
		{644C4523-54A5-403E-B3A1-05C9D54E9849}.Debug|Any CPU.ActiveCfg = Debug|Any CPU
		{644C4523-54A5-403E-B3A1-05C9D54E9849}.Debug|Any CPU.Build.0 = Debug|Any CPU
		{644C4523-54A5-403E-B3A1-05C9D54E9849}.Release|Any CPU.ActiveCfg = Release|Any CPU
		{644C4523-54A5-403E-B3A1-05C9D54E9849}.Release|Any CPU.Build.0 = Release|Any CPU
	EndGlobalSection
	GlobalSection(SolutionProperties) = preSolution
		HideSolutionNode = FALSE
	EndGlobalSection
	GlobalSection(ExtensibilityGlobals) = postSolution
		SolutionGuid = {C63AA86C-E7B7-4008-A0C6-50219630666A}
	EndGlobalSection
EndGlobal
